
Microsoft Visual Studio Solution File, Format Version 12.00
# Visual Studio Version 16
VisualStudioVersion = 16.0.30804.86
MinimumVisualStudioVersion = 10.0.40219.1
Project("{8BC9CEB8-8B4A-11D0-8D11-00A0C91BC942}") = "Project1", "Project1\Project1.vcxproj", "{80D36295-6667-4237-BA50-D8B96EF2D7AB}"
EndProject
Global
	GlobalSection(SolutionConfigurationPlatforms) = preSolution
		Debug|x64 = Debug|x64
		Debug|x86 = Debug|x86
		Release|x64 = Release|x64
		Release|x86 = Release|x86
	EndGlobalSection
	GlobalSection(ProjectConfigurationPlatforms) = postSolution
		{80D36295-6667-4237-BA50-D8B96EF2D7AB}.Debug|x64.ActiveCfg = Debug|x64
		{80D36295-6667-4237-BA50-D8B96EF2D7AB}.Debug|x64.Build.0 = Debug|x64
		{80D36295-6667-4237-BA50-D8B96EF2D7AB}.Debug|x86.ActiveCfg = Debug|Win32
		{80D36295-6667-4237-BA50-D8B96EF2D7AB}.Debug|x86.Build.0 = Debug|Win32
		{80D36295-6667-4237-BA50-D8B96EF2D7AB}.Release|x64.ActiveCfg = Release|x64
		{80D36295-6667-4237-BA50-D8B96EF2D7AB}.Release|x64.Build.0 = Release|x64
		{80D36295-6667-4237-BA50-D8B96EF2D7AB}.Release|x86.ActiveCfg = Release|Win32
		{80D36295-6667-4237-BA50-D8B96EF2D7AB}.Release|x86.Build.0 = Release|Win32
	EndGlobalSection
	GlobalSection(SolutionProperties) = preSolution
		HideSolutionNode = FALSE
	EndGlobalSection
	GlobalSection(ExtensibilityGlobals) = postSolution
		SolutionGuid = {F8371D06-DC26-43FA-BF81-E6A527DED35C}
	EndGlobalSection
EndGlobal
